
Microsoft Visual Studio Solution File, Format Version 12.00
# Visual Studio 15
VisualStudioVersion = 15.0.28307.960
MinimumVisualStudioVersion = 10.0.40219.1
Project("{FAE04EC0-301F-11D3-BF4B-00C04F79EFBC}") = "number31", "number31\number31.csproj", "{9D7989BE-D000-4A7C-AC2D-F316AF79D290}"
EndProject
Global
	GlobalSection(SolutionConfigurationPlatforms) = preSolution
		Debug|Any CPU = Debug|Any CPU
		Release|Any CPU = Release|Any CPU
	EndGlobalSection
	GlobalSection(ProjectConfigurationPlatforms) = postSolution
		{9D7989BE-D000-4A7C-AC2D-F316AF79D290}.Debug|Any CPU.ActiveCfg = Debug|Any CPU
		{9D7989BE-D000-4A7C-AC2D-F316AF79D290}.Debug|Any CPU.Build.0 = Debug|Any CPU
		{9D7989BE-D000-4A7C-AC2D-F316AF79D290}.Release|Any CPU.ActiveCfg = Release|Any CPU
		{9D7989BE-D000-4A7C-AC2D-F316AF79D290}.Release|Any CPU.Build.0 = Release|Any CPU
	EndGlobalSection
	GlobalSection(SolutionProperties) = preSolution
		HideSolutionNode = FALSE
	EndGlobalSection
	GlobalSection(ExtensibilityGlobals) = postSolution
		SolutionGuid = {F8FFFBBF-9E39-475E-B026-EAC3DD58043A}
	EndGlobalSection
EndGlobal
